
Microsoft Visual Studio Solution File, Format Version 12.00
# Visual Studio Version 17
VisualStudioVersion = 17.9.34728.123
MinimumVisualStudioVersion = 10.0.40219.1
Project("{FAE04EC0-301F-11D3-BF4B-00C04F79EFBC}") = "ClothesECommerceProject", "ClothesECommerceProject.csproj", "{CE0CD2D5-A115-4214-AA34-80F2106CA3CE}"
EndProject
Global
	GlobalSection(SolutionConfigurationPlatforms) = preSolution
		Debug|Any CPU = Debug|Any CPU
		Release|Any CPU = Release|Any CPU
	EndGlobalSection
	GlobalSection(ProjectConfigurationPlatforms) = postSolution
		{CE0CD2D5-A115-4214-AA34-80F2106CA3CE}.Debug|Any CPU.ActiveCfg = Debug|Any CPU
		{CE0CD2D5-A115-4214-AA34-80F2106CA3CE}.Debug|Any CPU.Build.0 = Debug|Any CPU
		{CE0CD2D5-A115-4214-AA34-80F2106CA3CE}.Release|Any CPU.ActiveCfg = Release|Any CPU
		{CE0CD2D5-A115-4214-AA34-80F2106CA3CE}.Release|Any CPU.Build.0 = Release|Any CPU
	EndGlobalSection
	GlobalSection(SolutionProperties) = preSolution
		HideSolutionNode = FALSE
	EndGlobalSection
	GlobalSection(ExtensibilityGlobals) = postSolution
		SolutionGuid = {E4B2EEC9-FE87-4E8E-8169-04128AA9F2DB}
	EndGlobalSection
EndGlobal
